
Microsoft Visual Studio Solution File, Format Version 12.00
# Visual Studio Version 17
VisualStudioVersion = 17.3.32929.385
MinimumVisualStudioVersion = 10.0.40219.1
Project("{9A19103F-16F7-4668-BE54-9A1E7A4F7556}") = "Программная инженерия", "Программная инженерия\Программная инженерия.csproj", "{B3C5CDB3-A11D-4180-9784-D4F15515ED01}"
EndProject
Global
	GlobalSection(SolutionConfigurationPlatforms) = preSolution
		Debug|Any CPU = Debug|Any CPU
		Release|Any CPU = Release|Any CPU
	EndGlobalSection
	GlobalSection(ProjectConfigurationPlatforms) = postSolution
		{B3C5CDB3-A11D-4180-9784-D4F15515ED01}.Debug|Any CPU.ActiveCfg = Debug|Any CPU
		{B3C5CDB3-A11D-4180-9784-D4F15515ED01}.Debug|Any CPU.Build.0 = Debug|Any CPU
		{B3C5CDB3-A11D-4180-9784-D4F15515ED01}.Release|Any CPU.ActiveCfg = Release|Any CPU
		{B3C5CDB3-A11D-4180-9784-D4F15515ED01}.Release|Any CPU.Build.0 = Release|Any CPU
	EndGlobalSection
	GlobalSection(SolutionProperties) = preSolution
		HideSolutionNode = FALSE
	EndGlobalSection
	GlobalSection(ExtensibilityGlobals) = postSolution
		SolutionGuid = {27902BDE-24B7-4D8D-83E4-4E71C4F02971}
	EndGlobalSection
EndGlobal
